{
  "name": "evil-regex-detector",
  "version": "1.0.0",
  "lockfileVersion": 1,
  "requires": true,
  "dependencies": {
    "discontinuous-range": {
      "version": "1.0.0",
      "resolved": "https://registry.npmjs.org/discontinuous-range/-/discontinuous-range-1.0.0.tgz",
      "integrity": "sha1-44Mx8IRLukm5qctxx3FYWqsbxlo="
    },
    "ret": {
      "version": "0.2.1",
      "resolved": "https://registry.npmjs.org/ret/-/ret-0.2.1.tgz",
      "integrity": "sha1-kA3aQAtiINjUKfTvhVdxDlRIJc4="
    }
  }
}
